# This file is autogenerated, do not edit; changes may be undone by the next 'dep ensure'.


[[projects]]
  branch = "master"
  name = "github.com/wirepair/gcd"
  packages = [".","gcdapi","gcdmessage"]
  revision = "34839d0c1d4e844b31459d7bcde19028b9e98222"

[[projects]]
  branch = "master"
  name = "golang.org/x/net"
  packages = ["websocket"]
  revision = "c7086645de248775cbf2373cf5ca4d2fa664b8c1"

[solve-meta]
  analyzer-name = "dep"
  analyzer-version = 1
  inputs-digest = "6d6c554fc235f031e02ae0c2ca92149c1ee723df5a0453158f8c80f361fa6f7f"
  solver-name = "gps-cdcl"
  solver-version = 1
